
Microsoft Visual Studio Solution File, Format Version 12.00
Project("{FAE04EC0-301F-11D3-BF4B-00C04F79EFBC}") = "LanChat.API", "src\Presentation\LanChat.API\LanChat.API.csproj", "{8105F18F-73A0-4C74-9D73-EA7E24D0C604}"
EndProject
Project("{2150E333-8FDC-42A3-9474-1A3956D46DE8}") = "src", "src", "{FB8CAD45-71E9-4BF8-9B03-9084753ED745}"
EndProject
Project("{FAE04EC0-301F-11D3-BF4B-00C04F79EFBC}") = "LanChat.Application", "src\Core\LanChat.Application\LanChat.Application.csproj", "{28CFF772-4D94-4749-825A-44B194516163}"
EndProject
Project("{FAE04EC0-301F-11D3-BF4B-00C04F79EFBC}") = "LanChat.Domain", "src\Core\LanChat.Domain\LanChat.Domain.csproj", "{1F4A960F-25FD-409A-A834-061ADD5636DB}"
EndProject
Project("{FAE04EC0-301F-11D3-BF4B-00C04F79EFBC}") = "LanChat.Models", "src\Presentation\LanChat.Models\LanChat.Models.csproj", "{5B2D99D3-1AAF-4D9C-BE34-4018AE49EE2A}"
EndProject
Project("{2150E333-8FDC-42A3-9474-1A3956D46DE8}") = "Core", "Core", "{197D892D-0C08-42C2-86E1-486D7F6D080E}"
EndProject
Project("{2150E333-8FDC-42A3-9474-1A3956D46DE8}") = "Infrastructure", "Infrastructure", "{3217E4D0-5011-440F-B5EB-8E721AC565DC}"
EndProject
Project("{FAE04EC0-301F-11D3-BF4B-00C04F79EFBC}") = "LanChat.Persistence", "src\Infrastructure\LanChat.Persistence\LanChat.Persistence.csproj", "{11104AC1-6965-4556-8E79-F60BDFE62AE9}"
EndProject
Project("{2150E333-8FDC-42A3-9474-1A3956D46DE8}") = "Presentation", "Presentation", "{AD19FDBD-44B9-4983-9C9C-6DF2F1DA1F07}"
EndProject
Project("{2150E333-8FDC-42A3-9474-1A3956D46DE8}") = "tests", "tests", "{50AFA7D8-6B79-46F4-A06C-1703B14A52E8}"
EndProject
Project("{FAE04EC0-301F-11D3-BF4B-00C04F79EFBC}") = "LanChat.Persistence.Abstractions", "src\Infrastructure\LanChat.Persistence.Abstractions\LanChat.Persistence.Abstractions.csproj", "{4863612F-D005-4C79-B8ED-1A1A2B410C70}"
EndProject
Global
	GlobalSection(SolutionConfigurationPlatforms) = preSolution
		Debug|Any CPU = Debug|Any CPU
		Release|Any CPU = Release|Any CPU
	EndGlobalSection
	GlobalSection(ProjectConfigurationPlatforms) = postSolution
		{8105F18F-73A0-4C74-9D73-EA7E24D0C604}.Debug|Any CPU.ActiveCfg = Debug|Any CPU
		{8105F18F-73A0-4C74-9D73-EA7E24D0C604}.Debug|Any CPU.Build.0 = Debug|Any CPU
		{8105F18F-73A0-4C74-9D73-EA7E24D0C604}.Release|Any CPU.ActiveCfg = Release|Any CPU
		{8105F18F-73A0-4C74-9D73-EA7E24D0C604}.Release|Any CPU.Build.0 = Release|Any CPU
		{28CFF772-4D94-4749-825A-44B194516163}.Debug|Any CPU.ActiveCfg = Debug|Any CPU
		{28CFF772-4D94-4749-825A-44B194516163}.Debug|Any CPU.Build.0 = Debug|Any CPU
		{28CFF772-4D94-4749-825A-44B194516163}.Release|Any CPU.ActiveCfg = Release|Any CPU
		{28CFF772-4D94-4749-825A-44B194516163}.Release|Any CPU.Build.0 = Release|Any CPU
		{1F4A960F-25FD-409A-A834-061ADD5636DB}.Debug|Any CPU.ActiveCfg = Debug|Any CPU
		{1F4A960F-25FD-409A-A834-061ADD5636DB}.Debug|Any CPU.Build.0 = Debug|Any CPU
		{1F4A960F-25FD-409A-A834-061ADD5636DB}.Release|Any CPU.ActiveCfg = Release|Any CPU
		{1F4A960F-25FD-409A-A834-061ADD5636DB}.Release|Any CPU.Build.0 = Release|Any CPU
		{5B2D99D3-1AAF-4D9C-BE34-4018AE49EE2A}.Debug|Any CPU.ActiveCfg = Debug|Any CPU
		{5B2D99D3-1AAF-4D9C-BE34-4018AE49EE2A}.Debug|Any CPU.Build.0 = Debug|Any CPU
		{5B2D99D3-1AAF-4D9C-BE34-4018AE49EE2A}.Release|Any CPU.ActiveCfg = Release|Any CPU
		{5B2D99D3-1AAF-4D9C-BE34-4018AE49EE2A}.Release|Any CPU.Build.0 = Release|Any CPU
		{11104AC1-6965-4556-8E79-F60BDFE62AE9}.Debug|Any CPU.ActiveCfg = Debug|Any CPU
		{11104AC1-6965-4556-8E79-F60BDFE62AE9}.Debug|Any CPU.Build.0 = Debug|Any CPU
		{11104AC1-6965-4556-8E79-F60BDFE62AE9}.Release|Any CPU.ActiveCfg = Release|Any CPU
		{11104AC1-6965-4556-8E79-F60BDFE62AE9}.Release|Any CPU.Build.0 = Release|Any CPU
		{4863612F-D005-4C79-B8ED-1A1A2B410C70}.Debug|Any CPU.ActiveCfg = Debug|Any CPU
		{4863612F-D005-4C79-B8ED-1A1A2B410C70}.Debug|Any CPU.Build.0 = Debug|Any CPU
		{4863612F-D005-4C79-B8ED-1A1A2B410C70}.Release|Any CPU.ActiveCfg = Release|Any CPU
		{4863612F-D005-4C79-B8ED-1A1A2B410C70}.Release|Any CPU.Build.0 = Release|Any CPU
	EndGlobalSection
	GlobalSection(NestedProjects) = preSolution
		{197D892D-0C08-42C2-86E1-486D7F6D080E} = {FB8CAD45-71E9-4BF8-9B03-9084753ED745}
		{1F4A960F-25FD-409A-A834-061ADD5636DB} = {197D892D-0C08-42C2-86E1-486D7F6D080E}
		{28CFF772-4D94-4749-825A-44B194516163} = {197D892D-0C08-42C2-86E1-486D7F6D080E}
		{3217E4D0-5011-440F-B5EB-8E721AC565DC} = {FB8CAD45-71E9-4BF8-9B03-9084753ED745}
		{11104AC1-6965-4556-8E79-F60BDFE62AE9} = {3217E4D0-5011-440F-B5EB-8E721AC565DC}
		{AD19FDBD-44B9-4983-9C9C-6DF2F1DA1F07} = {FB8CAD45-71E9-4BF8-9B03-9084753ED745}
		{8105F18F-73A0-4C74-9D73-EA7E24D0C604} = {AD19FDBD-44B9-4983-9C9C-6DF2F1DA1F07}
		{5B2D99D3-1AAF-4D9C-BE34-4018AE49EE2A} = {AD19FDBD-44B9-4983-9C9C-6DF2F1DA1F07}
		{4863612F-D005-4C79-B8ED-1A1A2B410C70} = {3217E4D0-5011-440F-B5EB-8E721AC565DC}
	EndGlobalSection
EndGlobal
